
Microsoft Visual Studio Solution File, Format Version 12.00
# Visual Studio Version 17
VisualStudioVersion = 17.2.32616.157
MinimumVisualStudioVersion = 10.0.40219.1
Project("{FAE04EC0-301F-11D3-BF4B-00C04F79EFBC}") = "RecapProject", "RecapProject\RecapProject.csproj", "{94A69444-34E8-4FB1-B66A-547B5AA74B4E}"
EndProject
Global
	GlobalSection(SolutionConfigurationPlatforms) = preSolution
		Debug|Any CPU = Debug|Any CPU
		Release|Any CPU = Release|Any CPU
	EndGlobalSection
	GlobalSection(ProjectConfigurationPlatforms) = postSolution
		{94A69444-34E8-4FB1-B66A-547B5AA74B4E}.Debug|Any CPU.ActiveCfg = Debug|Any CPU
		{94A69444-34E8-4FB1-B66A-547B5AA74B4E}.Debug|Any CPU.Build.0 = Debug|Any CPU
		{94A69444-34E8-4FB1-B66A-547B5AA74B4E}.Release|Any CPU.ActiveCfg = Release|Any CPU
		{94A69444-34E8-4FB1-B66A-547B5AA74B4E}.Release|Any CPU.Build.0 = Release|Any CPU
	EndGlobalSection
	GlobalSection(SolutionProperties) = preSolution
		HideSolutionNode = FALSE
	EndGlobalSection
	GlobalSection(ExtensibilityGlobals) = postSolution
		SolutionGuid = {ABC869B5-708C-46F4-93F9-4B0565A07BD7}
	EndGlobalSection
EndGlobal
